{
  "name": "pdftable",
  "version": "1.0.0",
  "lockfileVersion": 1,
  "requires": true,
  "dependencies": {
    "@rkusa/linebreak": {
      "version": "1.0.0",
      "resolved": "https://registry.npmjs.org/@rkusa/linebreak/-/linebreak-1.0.0.tgz",
      "integrity": "sha512-yCSm87XA1aYMgfcABSxcIkk3JtCw3AihNceHY+DnZGLvVP/g2z3UWZbi0xIoYpZWAJEVPr5Zt3QE37Q80wF1pA==",
      "requires": {
        "unicode-trie": "0.3.1"
      }
    },
    "ajv": {
      "version": "6.3.0",
      "resolved": "https://registry.npmjs.org/ajv/-/ajv-6.3.0.tgz",
      "integrity": "sha1-FlCkERTvAFdMrBC4Ay2PTBSBLac=",
      "requires": {
        "fast-deep-equal": "1.1.0",
        "fast-json-stable-stringify": "2.0.0",
        "json-schema-traverse": "0.3.1"
      }
    },
    "ajv-keywords": {
      "version": "3.1.0",
      "resolved": "https://registry.npmjs.org/ajv-keywords/-/ajv-keywords-3.1.0.tgz",
      "integrity": "sha1-rCsnk5xUPpXSwG5/f1wnvkqlQ74="
    },
    "big.js": {
      "version": "3.2.0",
      "resolved": "https://registry.npmjs.org/big.js/-/big.js-3.2.0.tgz",
      "integrity": "sha512-+hN/Zh2D08Mx65pZ/4g5bsmNiZUuChDiQfTUQ7qJr4/kuopCr88xZsAXv6mBoZEsUI4OuGHlX59qE94K2mMW8Q=="
    },
    "emojis-list": {
      "version": "2.1.0",
      "resolved": "https://registry.npmjs.org/emojis-list/-/emojis-list-2.1.0.tgz",
      "integrity": "sha1-TapNnbAPmBmIDHn6RXrlsJof04k="
    },
    "fast-deep-equal": {
      "version": "1.1.0",
      "resolved": "https://registry.npmjs.org/fast-deep-equal/-/fast-deep-equal-1.1.0.tgz",
      "integrity": "sha1-wFNHeBfIa1HaqFPIHgWbcz0CNhQ="
    },
    "fast-json-stable-stringify": {
      "version": "2.0.0",
      "resolved": "https://registry.npmjs.org/fast-json-stable-stringify/-/fast-json-stable-stringify-2.0.0.tgz",
      "integrity": "sha1-1RQsDK7msRifh9OnYREGT4bIu/I="
    },
    "fs": {
      "version": "0.0.1-security",
      "resolved": "https://registry.npmjs.org/fs/-/fs-0.0.1-security.tgz",
      "integrity": "sha1-invTcYa23d84E/I4WLV+yq9eQdQ="
    },
    "json-schema-traverse": {
      "version": "0.3.1",
      "resolved": "https://registry.npmjs.org/json-schema-traverse/-/json-schema-traverse-0.3.1.tgz",
      "integrity": "sha1-NJptRMU6Ud6JtAgFxdXlm0F9M0A="
    },
    "json5": {
      "version": "0.5.1",
      "resolved": "https://registry.npmjs.org/json5/-/json5-0.5.1.tgz",
      "integrity": "sha1-Hq3nrMASA0rYTiOWdn6tn6VJWCE="
    },
    "loader-utils": {
      "version": "1.1.0",
      "resolved": "https://registry.npmjs.org/loader-utils/-/loader-utils-1.1.0.tgz",
      "integrity": "sha1-yYrvSIvM7aL/teLeZG1qdUQp9c0=",
      "requires": {
        "big.js": "3.2.0",
        "emojis-list": "2.1.0",
        "json5": "0.5.1"
      }
    },
    "node-ensure": {
      "version": "0.0.0",
      "resolved": "https://registry.npmjs.org/node-ensure/-/node-ensure-0.0.0.tgz",
      "integrity": "sha1-7K52QVDemYYexcgQ/V0Jaxg5Mqc="
    },
    "opentype.js": {
      "version": "0.7.3",
      "resolved": "https://registry.npmjs.org/opentype.js/-/opentype.js-0.7.3.tgz",
      "integrity": "sha1-QPuM4Yv9YOdESO/f5EKDQJg5eqs=",
      "requires": {
        "tiny-inflate": "1.0.2"
      }
    },
    "pako": {
      "version": "1.0.6",
      "resolved": "https://registry.npmjs.org/pako/-/pako-1.0.6.tgz",
      "integrity": "sha512-lQe48YPsMJAig+yngZ87Lus+NF+3mtu7DVOBu6b/gHO1YpKwIj5AWjZ/TOS7i46HD/UixzWb1zeWDZfGZ3iYcg=="
    },
    "pdf2json": {
      "version": "1.1.7",
      "resolved": "https://registry.npmjs.org/pdf2json/-/pdf2json-1.1.7.tgz",
      "integrity": "sha1-oJ1wXOZNgsvH0Ec9FCSWP3Ub7DI=",
      "requires": {
        "async": "2.0.1",
        "lodash": "4.15.0",
        "optimist": "0.6.1",
        "xmldom": "0.1.22"
      },
      "dependencies": {
        "async": {
          "version": "2.0.1",
          "resolved": "https://registry.npmjs.org/async/-/async-2.0.1.tgz",
          "integrity": "sha1-twnMAoCpw28J9FNr6CPIOKkEniU=",
          "requires": {
            "lodash": "4.15.0"
          }
        },
        "lodash": {
          "version": "4.15.0",
          "resolved": "https://registry.npmjs.org/lodash/-/lodash-4.15.0.tgz",
          "integrity": "sha1-MWI5HY8BQKoiz49rPDTWt/Y9Oqk="
        },
        "minimist": {
          "version": "0.0.10",
          "resolved": "https://registry.npmjs.org/minimist/-/minimist-0.0.10.tgz",
          "integrity": "sha1-3j+YVD2/lggr5IrRoMfNqDYwHc8="
        },
        "optimist": {
          "version": "0.6.1",
          "resolved": "https://registry.npmjs.org/optimist/-/optimist-0.6.1.tgz",
          "integrity": "sha1-2j6nRob6IaGaERwybpDrFaAZZoY=",
          "requires": {
            "minimist": "0.0.10",
            "wordwrap": "0.0.3"
          }
        },
        "wordwrap": {
          "version": "0.0.3",
          "resolved": "https://registry.npmjs.org/wordwrap/-/wordwrap-0.0.3.tgz",
          "integrity": "sha1-o9XabNXAvAAI03I0u68b7WMFkQc="
        },
        "xmldom": {
          "version": "0.1.22",
          "resolved": "https://registry.npmjs.org/xmldom/-/xmldom-0.1.22.tgz",
          "integrity": "sha1-EN5OXpZJgfA8jMcvrcCNFLbDqiY="
        }
      }
    },
    "pdfjs": {
      "version": "2.0.0-alpha.4",
      "resolved": "https://registry.npmjs.org/pdfjs/-/pdfjs-2.0.0-alpha.4.tgz",
      "integrity": "sha512-V2htKbxbCw5Gdy8mj79lA2IZ1bZ5xGr/DTRj6OpzhlQ0UaMd8Ah/9VQ3RqdGOPT73f8D+c3zoxAZMKvcBUlP+g==",
      "requires": {
        "@rkusa/linebreak": "1.0.0",
        "opentype.js": "0.7.3",
        "pako": "1.0.6",
        "unorm": "1.4.1",
        "uuid": "3.2.1"
      }
    },
    "pdfjs-dist": {
      "version": "2.0.449",
      "resolved": "https://registry.npmjs.org/pdfjs-dist/-/pdfjs-dist-2.0.449.tgz",
      "integrity": "sha1-9Y11msoU8knmmod+fIBuq7KVxNw=",
      "requires": {
        "node-ensure": "0.0.0",
        "worker-loader": "1.1.1"
      }
    },
    "schema-utils": {
      "version": "0.4.5",
      "resolved": "https://registry.npmjs.org/schema-utils/-/schema-utils-0.4.5.tgz",
      "integrity": "sha512-yYrjb9TX2k/J1Y5UNy3KYdZq10xhYcF8nMpAW6o3hy6Q8WSIEf9lJHG/ePnOBfziPM3fvQwfOwa13U/Fh8qTfA==",
      "requires": {
        "ajv": "6.3.0",
        "ajv-keywords": "3.1.0"
      }
    },
    "tiny-inflate": {
      "version": "1.0.2",
      "resolved": "https://registry.npmjs.org/tiny-inflate/-/tiny-inflate-1.0.2.tgz",
      "integrity": "sha1-k9nez/yIBb1X6uQxDwt0Xptvs6c="
    },
    "unicode-trie": {
      "version": "0.3.1",
      "resolved": "https://registry.npmjs.org/unicode-trie/-/unicode-trie-0.3.1.tgz",
      "integrity": "sha1-1nHd3YkQGgi6w3tqUWEBBgIFIIU=",
      "requires": {
        "pako": "0.2.9",
        "tiny-inflate": "1.0.2"
      },
      "dependencies": {
        "pako": {
          "version": "0.2.9",
          "resolved": "https://registry.npmjs.org/pako/-/pako-0.2.9.tgz",
          "integrity": "sha1-8/dSL073gjSNqBYbrZ7P1Rv4OnU="
        }
      }
    },
    "unorm": {
      "version": "1.4.1",
      "resolved": "https://registry.npmjs.org/unorm/-/unorm-1.4.1.tgz",
      "integrity": "sha1-NkIA1fE2RsqLzURJAnEzVhR5IwA="
    },
    "uuid": {
      "version": "3.2.1",
      "resolved": "https://registry.npmjs.org/uuid/-/uuid-3.2.1.tgz",
      "integrity": "sha512-jZnMwlb9Iku/O3smGWvZhauCf6cvvpKi4BKRiliS3cxnI+Gz9j5MEpTz2UFuXiKPJocb7gnsLHwiS05ige5BEA=="
    },
    "worker-loader": {
      "version": "1.1.1",
      "resolved": "https://registry.npmjs.org/worker-loader/-/worker-loader-1.1.1.tgz",
      "integrity": "sha512-qJZLVS/jMCBITDzPo/RuweYSIG8VJP5P67mP/71alGyTZRe1LYJFdwLjLalY3T5ifx0bMDRD3OB6P2p1escvlg==",
      "requires": {
        "loader-utils": "1.1.0",
        "schema-utils": "0.4.5"
      }
    }
  }
}
